
Microsoft Visual Studio Solution File, Format Version 12.00
# Visual Studio Version 16
VisualStudioVersion = 16.0.29519.87
MinimumVisualStudioVersion = 10.0.40219.1
Project("{FAE04EC0-301F-11D3-BF4B-00C04F79EFBC}") = "Hospital", "Hospital\Hospital.csproj", "{C8811EF3-E718-4F92-9EA7-D3AA926C94D5}"
EndProject
Global
	GlobalSection(SolutionConfigurationPlatforms) = preSolution
		Debug|Any CPU = Debug|Any CPU
		Release|Any CPU = Release|Any CPU
	EndGlobalSection
	GlobalSection(ProjectConfigurationPlatforms) = postSolution
		{C8811EF3-E718-4F92-9EA7-D3AA926C94D5}.Debug|Any CPU.ActiveCfg = Debug|Any CPU
		{C8811EF3-E718-4F92-9EA7-D3AA926C94D5}.Debug|Any CPU.Build.0 = Debug|Any CPU
		{C8811EF3-E718-4F92-9EA7-D3AA926C94D5}.Release|Any CPU.ActiveCfg = Release|Any CPU
		{C8811EF3-E718-4F92-9EA7-D3AA926C94D5}.Release|Any CPU.Build.0 = Release|Any CPU
	EndGlobalSection
	GlobalSection(SolutionProperties) = preSolution
		HideSolutionNode = FALSE
	EndGlobalSection
	GlobalSection(ExtensibilityGlobals) = postSolution
		SolutionGuid = {B970714D-2297-480D-A771-A2B61D3F826B}
	EndGlobalSection
EndGlobal
